
Microsoft Visual Studio Solution File, Format Version 12.00
# Visual Studio 14
VisualStudioVersion = 14.0.24720.0
MinimumVisualStudioVersion = 10.0.40219.1
Project("{FAE04EC0-301F-11D3-BF4B-00C04F79EFBC}") = "AppRunningLogger", "AppRunningTimer\AppRunningLogger.csproj", "{45DABBB0-91A3-4C6F-8CE2-CF654DA3AC71}"
EndProject
Project("{FAE04EC0-301F-11D3-BF4B-00C04F79EFBC}") = "ConsoleApplication1", "ConsoleApplication1\ConsoleApplication1.csproj", "{8AEEAF4A-CF5E-41A6-A228-5A8FCE60A139}"
EndProject
Project("{F2A71F9B-5D33-465A-A702-920D77279786}") = "Library1", "Library1\Library1.fsproj", "{317ACC98-4662-4DB8-A072-A6066E6570FA}"
EndProject
Global
	GlobalSection(SolutionConfigurationPlatforms) = preSolution
		Debug|Any CPU = Debug|Any CPU
		Release|Any CPU = Release|Any CPU
	EndGlobalSection
	GlobalSection(ProjectConfigurationPlatforms) = postSolution
		{45DABBB0-91A3-4C6F-8CE2-CF654DA3AC71}.Debug|Any CPU.ActiveCfg = Debug|Any CPU
		{45DABBB0-91A3-4C6F-8CE2-CF654DA3AC71}.Debug|Any CPU.Build.0 = Debug|Any CPU
		{45DABBB0-91A3-4C6F-8CE2-CF654DA3AC71}.Release|Any CPU.ActiveCfg = Release|Any CPU
		{45DABBB0-91A3-4C6F-8CE2-CF654DA3AC71}.Release|Any CPU.Build.0 = Release|Any CPU
		{8AEEAF4A-CF5E-41A6-A228-5A8FCE60A139}.Debug|Any CPU.ActiveCfg = Debug|Any CPU
		{8AEEAF4A-CF5E-41A6-A228-5A8FCE60A139}.Debug|Any CPU.Build.0 = Debug|Any CPU
		{8AEEAF4A-CF5E-41A6-A228-5A8FCE60A139}.Release|Any CPU.ActiveCfg = Release|Any CPU
		{8AEEAF4A-CF5E-41A6-A228-5A8FCE60A139}.Release|Any CPU.Build.0 = Release|Any CPU
		{317ACC98-4662-4DB8-A072-A6066E6570FA}.Debug|Any CPU.ActiveCfg = Debug|Any CPU
		{317ACC98-4662-4DB8-A072-A6066E6570FA}.Debug|Any CPU.Build.0 = Debug|Any CPU
		{317ACC98-4662-4DB8-A072-A6066E6570FA}.Release|Any CPU.ActiveCfg = Release|Any CPU
		{317ACC98-4662-4DB8-A072-A6066E6570FA}.Release|Any CPU.Build.0 = Release|Any CPU
	EndGlobalSection
	GlobalSection(SolutionProperties) = preSolution
		HideSolutionNode = FALSE
	EndGlobalSection
EndGlobal
